{"1.1.0",
[{<<"cowboy">>,
  {git,"https://github.com/ninenines/cowboy.git",
       {ref,"b403f26da6bef8ff41855fa499c75f42b02ecb69"}},
  0},
 {<<"cowlib">>,
  {git,"https://github.com/ninenines/cowlib",
       {ref,"b1ca51bc78d9e974014e70b820c9296db4ecb4f1"}},
  1},
 {<<"goldrush">>,{pkg,<<"goldrush">>,<<"0.1.9">>},1},
 {<<"jsone">>,{pkg,<<"jsone">>,<<"1.4.7">>},0},
 {<<"lager">>,{pkg,<<"lager">>,<<"3.4.2">>},0},
 {<<"ranch">>,
  {git,"https://github.com/ninenines/ranch",
       {ref,"40809cd2b257a8a53bcb5588ecaa88cc5381ff5c"}},
  1}]}.
[
{pkg_hash,[
 {<<"goldrush">>, <<"F06E5D5F1277DA5C413E84D5A2924174182FB108DABB39D5EC548B27424CD106">>},
 {<<"jsone">>, <<"A970C23D9700AE7842B526C57677E6E3F10894B429524696EAD547E9302391C0">>},
 {<<"lager">>, <<"150B9A17B23AE6D3265CC10DC360747621CF217B7A22B8CDDF03B2909DBF7AA5">>}]}
].
